{
  "name": "expandify",
  "version": "1.1.0",
  "lockfileVersion": 1,
  "requires": true,
  "dependencies": {
    "better-eval": {
      "version": "1.2.7",
      "resolved": "https://registry.npmjs.org/better-eval/-/better-eval-1.2.7.tgz",
      "integrity": "sha512-E2YA7mOZ4zRqaNDnR+fpuywN1uZC8VI57UDZw17NyetW54MIERu1ooQrQQaTN+3wkHj0hBIvghU+MD3qIq4bhQ=="
    }
  }
}
